
Microsoft Visual Studio Solution File, Format Version 12.00
# Visual Studio Version 17
VisualStudioVersion = 17.13.35913.81 d17.13
MinimumVisualStudioVersion = 10.0.40219.1
Project("{FAE04EC0-301F-11D3-BF4B-00C04F79EFBC}") = "36515_SDT_Mid", "36515_SDT_Mid.csproj", "{8125A10B-462C-4681-A861-9410308CFC1A}"
EndProject
Global
	GlobalSection(SolutionConfigurationPlatforms) = preSolution
		Debug|Any CPU = Debug|Any CPU
		Release|Any CPU = Release|Any CPU
	EndGlobalSection
	GlobalSection(ProjectConfigurationPlatforms) = postSolution
		{8125A10B-462C-4681-A861-9410308CFC1A}.Debug|Any CPU.ActiveCfg = Debug|Any CPU
		{8125A10B-462C-4681-A861-9410308CFC1A}.Debug|Any CPU.Build.0 = Debug|Any CPU
		{8125A10B-462C-4681-A861-9410308CFC1A}.Release|Any CPU.ActiveCfg = Release|Any CPU
		{8125A10B-462C-4681-A861-9410308CFC1A}.Release|Any CPU.Build.0 = Release|Any CPU
	EndGlobalSection
	GlobalSection(SolutionProperties) = preSolution
		HideSolutionNode = FALSE
	EndGlobalSection
	GlobalSection(ExtensibilityGlobals) = postSolution
		SolutionGuid = {1A201446-3504-439F-BEAF-34366A0519B2}
	EndGlobalSection
EndGlobal
